
Microsoft Visual Studio Solution File, Format Version 12.00
Project("{FAE04EC0-301F-11D3-BF4B-00C04F79EFBC}") = "PlexWatch", "PlexWatch\PlexWatch.csproj", "{EC54E23F-78AF-421F-B503-F0C95A6D4A34}"
EndProject
Project("{2150E333-8FDC-42A3-9474-1A3956D46DE8}") = "Solution Items", "Solution Items", "{65649FD5-0F5F-4C72-9461-604F1CC602E7}"
	ProjectSection(SolutionItems) = preProject
		README.md = README.md
	EndProjectSection
EndProject
Global
	GlobalSection(SolutionConfigurationPlatforms) = preSolution
		Debug|Any CPU = Debug|Any CPU
		Release|Any CPU = Release|Any CPU
	EndGlobalSection
	GlobalSection(ProjectConfigurationPlatforms) = postSolution
		{EC54E23F-78AF-421F-B503-F0C95A6D4A34}.Debug|Any CPU.ActiveCfg = Debug|Any CPU
		{EC54E23F-78AF-421F-B503-F0C95A6D4A34}.Debug|Any CPU.Build.0 = Debug|Any CPU
		{EC54E23F-78AF-421F-B503-F0C95A6D4A34}.Release|Any CPU.ActiveCfg = Release|Any CPU
		{EC54E23F-78AF-421F-B503-F0C95A6D4A34}.Release|Any CPU.Build.0 = Release|Any CPU
	EndGlobalSection
EndGlobal
